
Microsoft Visual Studio Solution File, Format Version 12.00
# Visual Studio Version 17
VisualStudioVersion = 17.14.36811.4
MinimumVisualStudioVersion = 10.0.40219.1
Project("{FAE04EC0-301F-11D3-BF4B-00C04F79EFBC}") = "DecoratorChallenge", "DecoratorChallenge.csproj", "{885E2F5E-BE29-455D-9451-3E267AD671A7}"
EndProject
Global
	GlobalSection(SolutionConfigurationPlatforms) = preSolution
		Debug|Any CPU = Debug|Any CPU
		Release|Any CPU = Release|Any CPU
	EndGlobalSection
	GlobalSection(ProjectConfigurationPlatforms) = postSolution
		{885E2F5E-BE29-455D-9451-3E267AD671A7}.Debug|Any CPU.ActiveCfg = Debug|Any CPU
		{885E2F5E-BE29-455D-9451-3E267AD671A7}.Debug|Any CPU.Build.0 = Debug|Any CPU
		{885E2F5E-BE29-455D-9451-3E267AD671A7}.Release|Any CPU.ActiveCfg = Release|Any CPU
		{885E2F5E-BE29-455D-9451-3E267AD671A7}.Release|Any CPU.Build.0 = Release|Any CPU
	EndGlobalSection
	GlobalSection(SolutionProperties) = preSolution
		HideSolutionNode = FALSE
	EndGlobalSection
	GlobalSection(ExtensibilityGlobals) = postSolution
		SolutionGuid = {41699155-DC01-44EB-BEE5-DA1B2892CB08}
	EndGlobalSection
EndGlobal
